
Microsoft Visual Studio Solution File, Format Version 12.00
# Visual Studio Version 16
VisualStudioVersion = 16.0.30717.126
MinimumVisualStudioVersion = 10.0.40219.1
Project("{FAE04EC0-301F-11D3-BF4B-00C04F79EFBC}") = "WebApiSelfHost", "WebApiSelfHost\WebApiSelfHost.csproj", "{1EC568BF-FB46-43E0-AE52-035368B4DEBA}"
EndProject
Project("{FAE04EC0-301F-11D3-BF4B-00C04F79EFBC}") = "ConsoleTest", "ConsoleTest\ConsoleTest.csproj", "{BDD8CBA8-4905-445F-A2CF-73930D53B546}"
EndProject
Project("{FAE04EC0-301F-11D3-BF4B-00C04F79EFBC}") = "Entities", "Entities\Entities.csproj", "{76BD32BC-4FB4-4DCB-BB25-B1D0DD31F3A3}"
EndProject
Global
	GlobalSection(SolutionConfigurationPlatforms) = preSolution
		Debug|Any CPU = Debug|Any CPU
		Release|Any CPU = Release|Any CPU
	EndGlobalSection
	GlobalSection(ProjectConfigurationPlatforms) = postSolution
		{1EC568BF-FB46-43E0-AE52-035368B4DEBA}.Debug|Any CPU.ActiveCfg = Debug|Any CPU
		{1EC568BF-FB46-43E0-AE52-035368B4DEBA}.Debug|Any CPU.Build.0 = Debug|Any CPU
		{1EC568BF-FB46-43E0-AE52-035368B4DEBA}.Release|Any CPU.ActiveCfg = Release|Any CPU
		{1EC568BF-FB46-43E0-AE52-035368B4DEBA}.Release|Any CPU.Build.0 = Release|Any CPU
		{BDD8CBA8-4905-445F-A2CF-73930D53B546}.Debug|Any CPU.ActiveCfg = Debug|Any CPU
		{BDD8CBA8-4905-445F-A2CF-73930D53B546}.Debug|Any CPU.Build.0 = Debug|Any CPU
		{BDD8CBA8-4905-445F-A2CF-73930D53B546}.Release|Any CPU.ActiveCfg = Release|Any CPU
		{BDD8CBA8-4905-445F-A2CF-73930D53B546}.Release|Any CPU.Build.0 = Release|Any CPU
		{76BD32BC-4FB4-4DCB-BB25-B1D0DD31F3A3}.Debug|Any CPU.ActiveCfg = Debug|Any CPU
		{76BD32BC-4FB4-4DCB-BB25-B1D0DD31F3A3}.Debug|Any CPU.Build.0 = Debug|Any CPU
		{76BD32BC-4FB4-4DCB-BB25-B1D0DD31F3A3}.Release|Any CPU.ActiveCfg = Release|Any CPU
		{76BD32BC-4FB4-4DCB-BB25-B1D0DD31F3A3}.Release|Any CPU.Build.0 = Release|Any CPU
	EndGlobalSection
	GlobalSection(SolutionProperties) = preSolution
		HideSolutionNode = FALSE
	EndGlobalSection
	GlobalSection(ExtensibilityGlobals) = postSolution
		SolutionGuid = {E24D9026-6B36-4E12-B3FB-2C2F692F2092}
	EndGlobalSection
EndGlobal
